<?xml version="1.0" encoding="utf-8"?>
<Project ToolsVersion="4.0" xmlns="http://schemas.microsoft.com/developer/msbuild/2003">
  <ItemGroup>
    <ClInclude Include="..\source\resources.h" />
    <ClInclude Include="..\source\interface\audio.h">
      <Filter>interface</Filter>
    </ClInclude>
    <ClInclude Include="..\source\interface\draw.h">
      <Filter>interface</Filter>
    </ClInclude>
    <ClInclude Include="..\source\interface\ezGame.h">
      <Filter>interface</Filter>
    </ClInclude>
    <ClInclude Include="..\source\interface\game.h">
      <Filter>interface</Filter>
    </ClInclude>
    <ClInclude Include="..\source\interface\input.h">
      <Filter>interface</Filter>
    </ClInclude>
    <ClInclude Include="..\source\interface\window.h">
      <Filter>interface</Filter>
    </ClInclude>
    <ClInclude Include="..\source\input.h" />
    <ClInclude Include="..\source\draw.h" />
    <ClInclude Include="..\source\audio.h" />
    <ClInclude Include="..\source\window.h" />
    <ClInclude Include="..\source\loader.h" />
    <ClInclude Include="..\source\game.h" />
    <ClInclude Include="..\source\interface\2d.h">
      <Filter>interface</Filter>
    </ClInclude>
  </ItemGroup>
  <ItemGroup>
    <Filter Include="interface">
      <UniqueIdentifier>{0d2c4f67-8580-4be1-8f6f-0028e687cd1a}</UniqueIdentifier>
    </Filter>
  </ItemGroup>
  <ItemGroup>
    <ClCompile Include="..\source\ezGame.cpp" />
  </ItemGroup>
</Project>